
Microsoft Visual Studio Solution File, Format Version 12.00
# Visual Studio Version 17
VisualStudioVersion = 17.10.35013.160
MinimumVisualStudioVersion = 10.0.40219.1
Project("{9A19103F-16F7-4668-BE54-9A1E7A4F7556}") = "RestAPI.Tests", "RestAPI.Tests\RestAPI.Tests.csproj", "{A023E770-A82F-4D35-AA81-FD6A2C006EB6}"
EndProject
Project("{9A19103F-16F7-4668-BE54-9A1E7A4F7556}") = "RestAPI", "RestAPI\RestAPI.csproj", "{59B0AA2C-D4FA-44AA-BF41-FD5FF52C7B7F}"
EndProject
Global
	GlobalSection(SolutionConfigurationPlatforms) = preSolution
		Debug|Any CPU = Debug|Any CPU
		Release|Any CPU = Release|Any CPU
	EndGlobalSection
	GlobalSection(ProjectConfigurationPlatforms) = postSolution
		{A023E770-A82F-4D35-AA81-FD6A2C006EB6}.Debug|Any CPU.ActiveCfg = Debug|Any CPU
		{A023E770-A82F-4D35-AA81-FD6A2C006EB6}.Debug|Any CPU.Build.0 = Debug|Any CPU
		{A023E770-A82F-4D35-AA81-FD6A2C006EB6}.Release|Any CPU.ActiveCfg = Release|Any CPU
		{A023E770-A82F-4D35-AA81-FD6A2C006EB6}.Release|Any CPU.Build.0 = Release|Any CPU
		{59B0AA2C-D4FA-44AA-BF41-FD5FF52C7B7F}.Debug|Any CPU.ActiveCfg = Debug|Any CPU
		{59B0AA2C-D4FA-44AA-BF41-FD5FF52C7B7F}.Debug|Any CPU.Build.0 = Debug|Any CPU
		{59B0AA2C-D4FA-44AA-BF41-FD5FF52C7B7F}.Release|Any CPU.ActiveCfg = Release|Any CPU
		{59B0AA2C-D4FA-44AA-BF41-FD5FF52C7B7F}.Release|Any CPU.Build.0 = Release|Any CPU
	EndGlobalSection
	GlobalSection(SolutionProperties) = preSolution
		HideSolutionNode = FALSE
	EndGlobalSection
	GlobalSection(ExtensibilityGlobals) = postSolution
		SolutionGuid = {CDAE3AA9-514D-4374-8CC5-F0CFF9B96CE2}
	EndGlobalSection
EndGlobal
