
Microsoft Visual Studio Solution File, Format Version 12.00
# Visual Studio Version 17
VisualStudioVersion = 17.10.35013.160
MinimumVisualStudioVersion = 10.0.40219.1
Project("{9A19103F-16F7-4668-BE54-9A1E7A4F7556}") = "simple-rest-api", "simple-rest-api.csproj", "{D2693343-4B4A-44E9-89B8-C6692C7EB7C3}"
EndProject
Global
	GlobalSection(SolutionConfigurationPlatforms) = preSolution
		Debug|Any CPU = Debug|Any CPU
		Release|Any CPU = Release|Any CPU
	EndGlobalSection
	GlobalSection(ProjectConfigurationPlatforms) = postSolution
		{D2693343-4B4A-44E9-89B8-C6692C7EB7C3}.Debug|Any CPU.ActiveCfg = Debug|Any CPU
		{D2693343-4B4A-44E9-89B8-C6692C7EB7C3}.Debug|Any CPU.Build.0 = Debug|Any CPU
		{D2693343-4B4A-44E9-89B8-C6692C7EB7C3}.Release|Any CPU.ActiveCfg = Release|Any CPU
		{D2693343-4B4A-44E9-89B8-C6692C7EB7C3}.Release|Any CPU.Build.0 = Release|Any CPU
	EndGlobalSection
	GlobalSection(SolutionProperties) = preSolution
		HideSolutionNode = FALSE
	EndGlobalSection
	GlobalSection(ExtensibilityGlobals) = postSolution
		SolutionGuid = {CDAE3AA9-514D-4374-8CC5-F0CFF9B96CE2}
	EndGlobalSection
EndGlobal
